
Microsoft Visual Studio Solution File, Format Version 12.00
# Visual Studio Version 17
VisualStudioVersion = 17.12.35527.113 d17.12
MinimumVisualStudioVersion = 10.0.40219.1
Project("{2150E333-8FDC-42A3-9474-1A3956D46DE8}") = "src", "src", "{95870E11-6BFF-43EF-A118-1154DFDE0CB7}"
EndProject
Project("{2150E333-8FDC-42A3-9474-1A3956D46DE8}") = "API", "API", "{FB5A5399-8C0B-4CA2-95DD-EDD4FAF53468}"
EndProject
Project("{2150E333-8FDC-42A3-9474-1A3956D46DE8}") = "Core", "Core", "{6CA74258-DF46-44D7-952C-58D1C63C4795}"
EndProject
Project("{2150E333-8FDC-42A3-9474-1A3956D46DE8}") = "Infrastructure", "Infrastructure", "{9A98F421-DFB1-4A03-B48E-B13E6DA9C5D7}"
EndProject
Project("{FAE04EC0-301F-11D3-BF4B-00C04F79EFBC}") = "MeowSpace.API", "MeowSpace.API\MeowSpace.API.csproj", "{CEC51C25-2829-4F20-8991-B276E6F16EC1}"
EndProject
Project("{FAE04EC0-301F-11D3-BF4B-00C04F79EFBC}") = "MeowSpace.Application", "MeowSpace.Application\MeowSpace.Application.csproj", "{0684921A-B69E-4C4B-9263-D62D0E26FC48}"
EndProject
Project("{FAE04EC0-301F-11D3-BF4B-00C04F79EFBC}") = "MeowSpace.Domain", "MeowSpace.Domain\MeowSpace.Domain.csproj", "{9246F93C-9174-4BA5-8DCB-EB1609EA7604}"
EndProject
Project("{FAE04EC0-301F-11D3-BF4B-00C04F79EFBC}") = "MeowSpace.Identity", "MeowSpace.Identity\MeowSpace.Identity.csproj", "{B2688720-811B-4C46-90EE-2C9E456DA08C}"
EndProject
Project("{FAE04EC0-301F-11D3-BF4B-00C04F79EFBC}") = "MeowSpace.Infrastructure", "MeowSpace.Infrastructure\MeowSpace.Infrastructure.csproj", "{640EDEB9-6D3A-4F92-A4B1-AF5812F58EF8}"
EndProject
Global
	GlobalSection(SolutionConfigurationPlatforms) = preSolution
		Debug|Any CPU = Debug|Any CPU
		Release|Any CPU = Release|Any CPU
	EndGlobalSection
	GlobalSection(ProjectConfigurationPlatforms) = postSolution
		{CEC51C25-2829-4F20-8991-B276E6F16EC1}.Debug|Any CPU.ActiveCfg = Debug|Any CPU
		{CEC51C25-2829-4F20-8991-B276E6F16EC1}.Debug|Any CPU.Build.0 = Debug|Any CPU
		{CEC51C25-2829-4F20-8991-B276E6F16EC1}.Release|Any CPU.ActiveCfg = Release|Any CPU
		{CEC51C25-2829-4F20-8991-B276E6F16EC1}.Release|Any CPU.Build.0 = Release|Any CPU
		{0684921A-B69E-4C4B-9263-D62D0E26FC48}.Debug|Any CPU.ActiveCfg = Debug|Any CPU
		{0684921A-B69E-4C4B-9263-D62D0E26FC48}.Debug|Any CPU.Build.0 = Debug|Any CPU
		{0684921A-B69E-4C4B-9263-D62D0E26FC48}.Release|Any CPU.ActiveCfg = Release|Any CPU
		{0684921A-B69E-4C4B-9263-D62D0E26FC48}.Release|Any CPU.Build.0 = Release|Any CPU
		{9246F93C-9174-4BA5-8DCB-EB1609EA7604}.Debug|Any CPU.ActiveCfg = Debug|Any CPU
		{9246F93C-9174-4BA5-8DCB-EB1609EA7604}.Debug|Any CPU.Build.0 = Debug|Any CPU
		{9246F93C-9174-4BA5-8DCB-EB1609EA7604}.Release|Any CPU.ActiveCfg = Release|Any CPU
		{9246F93C-9174-4BA5-8DCB-EB1609EA7604}.Release|Any CPU.Build.0 = Release|Any CPU
		{B2688720-811B-4C46-90EE-2C9E456DA08C}.Debug|Any CPU.ActiveCfg = Debug|Any CPU
		{B2688720-811B-4C46-90EE-2C9E456DA08C}.Debug|Any CPU.Build.0 = Debug|Any CPU
		{B2688720-811B-4C46-90EE-2C9E456DA08C}.Release|Any CPU.ActiveCfg = Release|Any CPU
		{B2688720-811B-4C46-90EE-2C9E456DA08C}.Release|Any CPU.Build.0 = Release|Any CPU
		{640EDEB9-6D3A-4F92-A4B1-AF5812F58EF8}.Debug|Any CPU.ActiveCfg = Debug|Any CPU
		{640EDEB9-6D3A-4F92-A4B1-AF5812F58EF8}.Debug|Any CPU.Build.0 = Debug|Any CPU
		{640EDEB9-6D3A-4F92-A4B1-AF5812F58EF8}.Release|Any CPU.ActiveCfg = Release|Any CPU
		{640EDEB9-6D3A-4F92-A4B1-AF5812F58EF8}.Release|Any CPU.Build.0 = Release|Any CPU
	EndGlobalSection
	GlobalSection(SolutionProperties) = preSolution
		HideSolutionNode = FALSE
	EndGlobalSection
	GlobalSection(NestedProjects) = preSolution
		{FB5A5399-8C0B-4CA2-95DD-EDD4FAF53468} = {95870E11-6BFF-43EF-A118-1154DFDE0CB7}
		{6CA74258-DF46-44D7-952C-58D1C63C4795} = {95870E11-6BFF-43EF-A118-1154DFDE0CB7}
		{9A98F421-DFB1-4A03-B48E-B13E6DA9C5D7} = {95870E11-6BFF-43EF-A118-1154DFDE0CB7}
		{CEC51C25-2829-4F20-8991-B276E6F16EC1} = {FB5A5399-8C0B-4CA2-95DD-EDD4FAF53468}
		{0684921A-B69E-4C4B-9263-D62D0E26FC48} = {6CA74258-DF46-44D7-952C-58D1C63C4795}
		{9246F93C-9174-4BA5-8DCB-EB1609EA7604} = {6CA74258-DF46-44D7-952C-58D1C63C4795}
		{B2688720-811B-4C46-90EE-2C9E456DA08C} = {9A98F421-DFB1-4A03-B48E-B13E6DA9C5D7}
		{640EDEB9-6D3A-4F92-A4B1-AF5812F58EF8} = {9A98F421-DFB1-4A03-B48E-B13E6DA9C5D7}
	EndGlobalSection
EndGlobal
